// !$*UTF8*$!
{
	archiveVersion = 1;
	classes = {
	};
	objectVersion = 77;
	objects = {

/* Begin PBXBuildFile section */
		440108612F5FABE1009BC221 /* AppDelegate.swift in Sources */ = {isa = PBXBuildFile; fileRef = 440108602F5FABE1009BC221 /* AppDelegate.swift */; };
		440108632F5FABE1009BC221 /* SceneDelegate.swift in Sources */ = {isa = PBXBuildFile; fileRef = 440108622F5FABE1009BC221 /* SceneDelegate.swift */; };
		440108662F5FABE1009BC221 /* LaunchScreen.storyboard in Resources */ = {isa = PBXBuildFile; fileRef = 440108642F5FABE1009BC221 /* LaunchScreen.storyboard */; };
		440108692F5FABE1009BC221 /* Main.storyboard in Resources */ = {isa = PBXBuildFile; fileRef = 440108672F5FABE1009BC221 /* Main.storyboard */; };
		440108722F5FABE1009BC221 /* AppDelegate.swift in Sources */ = {isa = PBXBuildFile; fileRef = 440108712F5FABE1009BC221 /* AppDelegate.swift */; };
		440108752F5FABE1009BC221 /* Main.storyboard in Resources */ = {isa = PBXBuildFile; fileRef = 440108732F5FABE1009BC221 /* Main.storyboard */; };
		4401087C2F5FABE1009BC221 /* No Algorithms Extension.appex in Embed Foundation Extensions */ = {isa = PBXBuildFile; fileRef = 4401087B2F5FABE1009BC221 /* No Algorithms Extension.appex */; settings = {ATTRIBUTES = (RemoveHeadersOnCopy, ); }; };
		440108862F5FABE1009BC221 /* No Algorithms Extension.appex in Embed Foundation Extensions */ = {isa = PBXBuildFile; fileRef = 440108852F5FABE1009BC221 /* No Algorithms Extension.appex */; settings = {ATTRIBUTES = (RemoveHeadersOnCopy, ); }; };
		4401088B2F5FABE1009BC221 /* Main.html in Resources */ = {isa = PBXBuildFile; fileRef = 440108502F5FABE0009BC221 /* Main.html */; };
		4401088C2F5FABE1009BC221 /* Main.html in Resources */ = {isa = PBXBuildFile; fileRef = 440108502F5FABE0009BC221 /* Main.html */; };
		4401088D2F5FABE1009BC221 /* Icon.png in Resources */ = {isa = PBXBuildFile; fileRef = 440108522F5FABE0009BC221 /* Icon.png */; };
		4401088E2F5FABE1009BC221 /* Icon.png in Resources */ = {isa = PBXBuildFile; fileRef = 440108522F5FABE0009BC221 /* Icon.png */; };
		4401088F2F5FABE1009BC221 /* Style.css in Resources */ = {isa = PBXBuildFile; fileRef = 440108532F5FABE0009BC221 /* Style.css */; };
		440108902F5FABE1009BC221 /* Style.css in Resources */ = {isa = PBXBuildFile; fileRef = 440108532F5FABE0009BC221 /* Style.css */; };
		440108912F5FABE1009BC221 /* Script.js in Resources */ = {isa = PBXBuildFile; fileRef = 440108542F5FABE0009BC221 /* Script.js */; };
		440108922F5FABE1009BC221 /* Script.js in Resources */ = {isa = PBXBuildFile; fileRef = 440108542F5FABE0009BC221 /* Script.js */; };
		440108932F5FABE1009BC221 /* ViewController.swift in Sources */ = {isa = PBXBuildFile; fileRef = 440108552F5FABE0009BC221 /* ViewController.swift */; };
		440108942F5FABE1009BC221 /* ViewController.swift in Sources */ = {isa = PBXBuildFile; fileRef = 440108552F5FABE0009BC221 /* ViewController.swift */; };
		440108952F5FABE1009BC221 /* Assets.xcassets in Resources */ = {isa = PBXBuildFile; fileRef = 440108562F5FABE1009BC221 /* Assets.xcassets */; };
		440108962F5FABE1009BC221 /* Assets.xcassets in Resources */ = {isa = PBXBuildFile; fileRef = 440108562F5FABE1009BC221 /* Assets.xcassets */; };
		440108972F5FABE1009BC221 /* SafariWebExtensionHandler.swift in Sources */ = {isa = PBXBuildFile; fileRef = 440108582F5FABE1009BC221 /* SafariWebExtensionHandler.swift */; };
		440108982F5FABE1009BC221 /* SafariWebExtensionHandler.swift in Sources */ = {isa = PBXBuildFile; fileRef = 440108582F5FABE1009BC221 /* SafariWebExtensionHandler.swift */; };
		440108AF2F5FABE1009BC221 /* README.md in Resources */ = {isa = PBXBuildFile; fileRef = 440108AA2F5FABE1009BC221 /* README.md */; };
		440108B02F5FABE1009BC221 /* sites in Resources */ = {isa = PBXBuildFile; fileRef = 440108AB2F5FABE1009BC221 /* sites */; };
		440108B12F5FABE1009BC221 /* manifest.json in Resources */ = {isa = PBXBuildFile; fileRef = 440108AC2F5FABE1009BC221 /* manifest.json */; };
		440108B32F5FABE1009BC221 /* parser.js in Resources */ = {isa = PBXBuildFile; fileRef = 440108AE2F5FABE1009BC221 /* parser.js */; };
		440108B42F5FABE1009BC221 /* README.md in Resources */ = {isa = PBXBuildFile; fileRef = 440108AA2F5FABE1009BC221 /* README.md */; };
		440108B52F5FABE1009BC221 /* sites in Resources */ = {isa = PBXBuildFile; fileRef = 440108AB2F5FABE1009BC221 /* sites */; };
		440108B62F5FABE1009BC221 /* manifest.json in Resources */ = {isa = PBXBuildFile; fileRef = 440108AC2F5FABE1009BC221 /* manifest.json */; };
		440108B82F5FABE1009BC221 /* parser.js in Resources */ = {isa = PBXBuildFile; fileRef = 440108AE2F5FABE1009BC221 /* parser.js */; };
/* End PBXBuildFile section */

/* Begin PBXContainerItemProxy section */
		4401087D2F5FABE1009BC221 /* PBXContainerItemProxy */ = {
			isa = PBXContainerItemProxy;
			containerPortal = 4401084A2F5FABE0009BC221 /* Project object */;
			proxyType = 1;
			remoteGlobalIDString = 4401087A2F5FABE1009BC221;
			remoteInfo = "No Algorithms Extension (iOS)";
		};
		440108872F5FABE1009BC221 /* PBXContainerItemProxy */ = {
			isa = PBXContainerItemProxy;
			containerPortal = 4401084A2F5FABE0009BC221 /* Project object */;
			proxyType = 1;
			remoteGlobalIDString = 440108842F5FABE1009BC221;
			remoteInfo = "No Algorithms Extension (macOS)";
		};
/* End PBXContainerItemProxy section */

/* Begin PBXCopyFilesBuildPhase section */
		4401089E2F5FABE1009BC221 /* Embed Foundation Extensions */ = {
			isa = PBXCopyFilesBuildPhase;
			buildActionMask = 2147483647;
			dstPath = "";
			dstSubfolderSpec = 13;
			files = (
				4401087C2F5FABE1009BC221 /* No Algorithms Extension.appex in Embed Foundation Extensions */,
			);
			name = "Embed Foundation Extensions";
			runOnlyForDeploymentPostprocessing = 0;
		};
		440108A52F5FABE1009BC221 /* Embed Foundation Extensions */ = {
			isa = PBXCopyFilesBuildPhase;
			buildActionMask = 2147483647;
			dstPath = "";
			dstSubfolderSpec = 13;
			files = (
				440108862F5FABE1009BC221 /* No Algorithms Extension.appex in Embed Foundation Extensions */,
			);
			name = "Embed Foundation Extensions";
			runOnlyForDeploymentPostprocessing = 0;
		};
/* End PBXCopyFilesBuildPhase section */

/* Begin PBXFileReference section */
		440108512F5FABE0009BC221 /* Base */ = {isa = PBXFileReference; lastKnownFileType = text.html; name = Base; path = Base.lproj/Main.html; sourceTree = "<group>"; };
		440108522F5FABE0009BC221 /* Icon.png */ = {isa = PBXFileReference; lastKnownFileType = image.png; path = Icon.png; sourceTree = "<group>"; };
		440108532F5FABE0009BC221 /* Style.css */ = {isa = PBXFileReference; lastKnownFileType = text.css; path = Style.css; sourceTree = "<group>"; };
		440108542F5FABE0009BC221 /* Script.js */ = {isa = PBXFileReference; lastKnownFileType = sourcecode.javascript; path = Script.js; sourceTree = "<group>"; };
		440108552F5FABE0009BC221 /* ViewController.swift */ = {isa = PBXFileReference; lastKnownFileType = sourcecode.swift; path = ViewController.swift; sourceTree = "<group>"; };
		440108562F5FABE1009BC221 /* Assets.xcassets */ = {isa = PBXFileReference; lastKnownFileType = folder.assetcatalog; path = Assets.xcassets; sourceTree = "<group>"; };
		440108582F5FABE1009BC221 /* SafariWebExtensionHandler.swift */ = {isa = PBXFileReference; lastKnownFileType = sourcecode.swift; path = SafariWebExtensionHandler.swift; sourceTree = "<group>"; };
		4401085D2F5FABE1009BC221 /* No Algorithms.app */ = {isa = PBXFileReference; explicitFileType = wrapper.application; includeInIndex = 0; path = "No Algorithms.app"; sourceTree = BUILT_PRODUCTS_DIR; };
		440108602F5FABE1009BC221 /* AppDelegate.swift */ = {isa = PBXFileReference; lastKnownFileType = sourcecode.swift; path = AppDelegate.swift; sourceTree = "<group>"; };
		440108622F5FABE1009BC221 /* SceneDelegate.swift */ = {isa = PBXFileReference; lastKnownFileType = sourcecode.swift; path = SceneDelegate.swift; sourceTree = "<group>"; };
		440108652F5FABE1009BC221 /* Base */ = {isa = PBXFileReference; lastKnownFileType = file.storyboard; name = Base; path = Base.lproj/LaunchScreen.storyboard; sourceTree = "<group>"; };
		440108682F5FABE1009BC221 /* Base */ = {isa = PBXFileReference; lastKnownFileType = file.storyboard; name = Base; path = Base.lproj/Main.storyboard; sourceTree = "<group>"; };
		4401086A2F5FABE1009BC221 /* Info.plist */ = {isa = PBXFileReference; lastKnownFileType = text.plist.xml; path = Info.plist; sourceTree = "<group>"; };
		4401086F2F5FABE1009BC221 /* No Algorithms.app */ = {isa = PBXFileReference; explicitFileType = wrapper.application; includeInIndex = 0; path = "No Algorithms.app"; sourceTree = BUILT_PRODUCTS_DIR; };
		440108712F5FABE1009BC221 /* AppDelegate.swift */ = {isa = PBXFileReference; lastKnownFileType = sourcecode.swift; path = AppDelegate.swift; sourceTree = "<group>"; };
		440108742F5FABE1009BC221 /* Base */ = {isa = PBXFileReference; lastKnownFileType = file.storyboard; name = Base; path = Base.lproj/Main.storyboard; sourceTree = "<group>"; };
		440108762F5FABE1009BC221 /* Info.plist */ = {isa = PBXFileReference; lastKnownFileType = text.plist.xml; path = Info.plist; sourceTree = "<group>"; };
		4401087B2F5FABE1009BC221 /* No Algorithms Extension.appex */ = {isa = PBXFileReference; explicitFileType = "wrapper.app-extension"; includeInIndex = 0; path = "No Algorithms Extension.appex"; sourceTree = BUILT_PRODUCTS_DIR; };
		440108802F5FABE1009BC221 /* Info.plist */ = {isa = PBXFileReference; lastKnownFileType = text.plist.xml; path = Info.plist; sourceTree = "<group>"; };
		440108852F5FABE1009BC221 /* No Algorithms Extension.appex */ = {isa = PBXFileReference; explicitFileType = "wrapper.app-extension"; includeInIndex = 0; path = "No Algorithms Extension.appex"; sourceTree = BUILT_PRODUCTS_DIR; };
		4401088A2F5FABE1009BC221 /* Info.plist */ = {isa = PBXFileReference; lastKnownFileType = text.plist.xml; path = Info.plist; sourceTree = "<group>"; };
		440108AA2F5FABE1009BC221 /* README.md */ = {isa = PBXFileReference; lastKnownFileType = net.daringfireball.markdown; name = README.md; path = ../../README.md; sourceTree = "<group>"; };
		440108AB2F5FABE1009BC221 /* sites */ = {isa = PBXFileReference; lastKnownFileType = folder; name = sites; path = ../../sites; sourceTree = "<group>"; };
		440108AC2F5FABE1009BC221 /* manifest.json */ = {isa = PBXFileReference; lastKnownFileType = text.json; name = manifest.json; path = ../../manifest.json; sourceTree = "<group>"; };
		440108AE2F5FABE1009BC221 /* parser.js */ = {isa = PBXFileReference; lastKnownFileType = sourcecode.javascript; name = parser.js; path = ../../parser.js; sourceTree = "<group>"; };
/* End PBXFileReference section */

/* Begin PBXFrameworksBuildPhase section */
		4401085A2F5FABE1009BC221 /* Frameworks */ = {
			isa = PBXFrameworksBuildPhase;
			buildActionMask = 2147483647;
			files = (
			);
			runOnlyForDeploymentPostprocessing = 0;
		};
		4401086C2F5FABE1009BC221 /* Frameworks */ = {
			isa = PBXFrameworksBuildPhase;
			buildActionMask = 2147483647;
			files = (
			);
			runOnlyForDeploymentPostprocessing = 0;
		};
		440108782F5FABE1009BC221 /* Frameworks */ = {
			isa = PBXFrameworksBuildPhase;
			buildActionMask = 2147483647;
			files = (
			);
			runOnlyForDeploymentPostprocessing = 0;
		};
		440108822F5FABE1009BC221 /* Frameworks */ = {
			isa = PBXFrameworksBuildPhase;
			buildActionMask = 2147483647;
			files = (
			);
			runOnlyForDeploymentPostprocessing = 0;
		};
/* End PBXFrameworksBuildPhase section */

/* Begin PBXGroup section */
		440108492F5FABE0009BC221 = {
			isa = PBXGroup;
			children = (
				4401084E2F5FABE0009BC221 /* Shared (App) */,
				440108572F5FABE1009BC221 /* Shared (Extension) */,
				4401085F2F5FABE1009BC221 /* iOS (App) */,
				440108702F5FABE1009BC221 /* macOS (App) */,
				4401087F2F5FABE1009BC221 /* iOS (Extension) */,
				440108892F5FABE1009BC221 /* macOS (Extension) */,
				4401085E2F5FABE1009BC221 /* Products */,
			);
			sourceTree = "<group>";
		};
		4401084E2F5FABE0009BC221 /* Shared (App) */ = {
			isa = PBXGroup;
			children = (
				440108552F5FABE0009BC221 /* ViewController.swift */,
				440108562F5FABE1009BC221 /* Assets.xcassets */,
				4401084F2F5FABE0009BC221 /* Resources */,
			);
			path = "Shared (App)";
			sourceTree = "<group>";
		};
		4401084F2F5FABE0009BC221 /* Resources */ = {
			isa = PBXGroup;
			children = (
				440108502F5FABE0009BC221 /* Main.html */,
				440108522F5FABE0009BC221 /* Icon.png */,
				440108532F5FABE0009BC221 /* Style.css */,
				440108542F5FABE0009BC221 /* Script.js */,
			);
			path = Resources;
			sourceTree = "<group>";
		};
		440108572F5FABE1009BC221 /* Shared (Extension) */ = {
			isa = PBXGroup;
			children = (
				440108A92F5FABE1009BC221 /* Resources */,
				440108582F5FABE1009BC221 /* SafariWebExtensionHandler.swift */,
			);
			path = "Shared (Extension)";
			sourceTree = "<group>";
		};
		4401085E2F5FABE1009BC221 /* Products */ = {
			isa = PBXGroup;
			children = (
				4401085D2F5FABE1009BC221 /* No Algorithms.app */,
				4401086F2F5FABE1009BC221 /* No Algorithms.app */,
				4401087B2F5FABE1009BC221 /* No Algorithms Extension.appex */,
				440108852F5FABE1009BC221 /* No Algorithms Extension.appex */,
			);
			name = Products;
			sourceTree = "<group>";
		};
		4401085F2F5FABE1009BC221 /* iOS (App) */ = {
			isa = PBXGroup;
			children = (
				440108602F5FABE1009BC221 /* AppDelegate.swift */,
				440108622F5FABE1009BC221 /* SceneDelegate.swift */,
				440108642F5FABE1009BC221 /* LaunchScreen.storyboard */,
				440108672F5FABE1009BC221 /* Main.storyboard */,
				4401086A2F5FABE1009BC221 /* Info.plist */,
			);
			path = "iOS (App)";
			sourceTree = "<group>";
		};
		440108702F5FABE1009BC221 /* macOS (App) */ = {
			isa = PBXGroup;
			children = (
				440108712F5FABE1009BC221 /* AppDelegate.swift */,
				440108732F5FABE1009BC221 /* Main.storyboard */,
				440108762F5FABE1009BC221 /* Info.plist */,
			);
			path = "macOS (App)";
			sourceTree = "<group>";
		};
		4401087F2F5FABE1009BC221 /* iOS (Extension) */ = {
			isa = PBXGroup;
			children = (
				440108802F5FABE1009BC221 /* Info.plist */,
			);
			path = "iOS (Extension)";
			sourceTree = "<group>";
		};
		440108892F5FABE1009BC221 /* macOS (Extension) */ = {
			isa = PBXGroup;
			children = (
				4401088A2F5FABE1009BC221 /* Info.plist */,
			);
			path = "macOS (Extension)";
			sourceTree = "<group>";
		};
		440108A92F5FABE1009BC221 /* Resources */ = {
			isa = PBXGroup;
			children = (
				440108AA2F5FABE1009BC221 /* README.md */,
				440108AB2F5FABE1009BC221 /* sites */,
				440108AC2F5FABE1009BC221 /* manifest.json */,
				440108AE2F5FABE1009BC221 /* parser.js */,
			);
			name = Resources;
			path = "Shared (Extension)";
			sourceTree = SOURCE_ROOT;
		};
/* End PBXGroup section */

/* Begin PBXNativeTarget section */
		4401085C2F5FABE1009BC221 /* No Algorithms (iOS) */ = {
			isa = PBXNativeTarget;
			buildConfigurationList = 4401089F2F5FABE1009BC221 /* Build configuration list for PBXNativeTarget "No Algorithms (iOS)" */;
			buildPhases = (
				440108592F5FABE1009BC221 /* Sources */,
				4401085A2F5FABE1009BC221 /* Frameworks */,
				4401085B2F5FABE1009BC221 /* Resources */,
				4401089E2F5FABE1009BC221 /* Embed Foundation Extensions */,
			);
			buildRules = (
			);
			dependencies = (
				4401087E2F5FABE1009BC221 /* PBXTargetDependency */,
			);
			name = "No Algorithms (iOS)";
			packageProductDependencies = (
			);
			productName = "No Algorithms (iOS)";
			productReference = 4401085D2F5FABE1009BC221 /* No Algorithms.app */;
			productType = "com.apple.product-type.application";
		};
		4401086E2F5FABE1009BC221 /* No Algorithms (macOS) */ = {
			isa = PBXNativeTarget;
			buildConfigurationList = 440108A62F5FABE1009BC221 /* Build configuration list for PBXNativeTarget "No Algorithms (macOS)" */;
			buildPhases = (
				4401086B2F5FABE1009BC221 /* Sources */,
				4401086C2F5FABE1009BC221 /* Frameworks */,
				4401086D2F5FABE1009BC221 /* Resources */,
				440108A52F5FABE1009BC221 /* Embed Foundation Extensions */,
			);
			buildRules = (
			);
			dependencies = (
				440108882F5FABE1009BC221 /* PBXTargetDependency */,
			);
			name = "No Algorithms (macOS)";
			packageProductDependencies = (
			);
			productName = "No Algorithms (macOS)";
			productReference = 4401086F2F5FABE1009BC221 /* No Algorithms.app */;
			productType = "com.apple.product-type.application";
		};
		4401087A2F5FABE1009BC221 /* No Algorithms Extension (iOS) */ = {
			isa = PBXNativeTarget;
			buildConfigurationList = 4401089B2F5FABE1009BC221 /* Build configuration list for PBXNativeTarget "No Algorithms Extension (iOS)" */;
			buildPhases = (
				440108772F5FABE1009BC221 /* Sources */,
				440108782F5FABE1009BC221 /* Frameworks */,
				440108792F5FABE1009BC221 /* Resources */,
			);
			buildRules = (
			);
			dependencies = (
			);
			name = "No Algorithms Extension (iOS)";
			packageProductDependencies = (
			);
			productName = "No Algorithms Extension (iOS)";
			productReference = 4401087B2F5FABE1009BC221 /* No Algorithms Extension.appex */;
			productType = "com.apple.product-type.app-extension";
		};
		440108842F5FABE1009BC221 /* No Algorithms Extension (macOS) */ = {
			isa = PBXNativeTarget;
			buildConfigurationList = 440108A22F5FABE1009BC221 /* Build configuration list for PBXNativeTarget "No Algorithms Extension (macOS)" */;
			buildPhases = (
				440108812F5FABE1009BC221 /* Sources */,
				440108822F5FABE1009BC221 /* Frameworks */,
				440108832F5FABE1009BC221 /* Resources */,
			);
			buildRules = (
			);
			dependencies = (
			);
			name = "No Algorithms Extension (macOS)";
			packageProductDependencies = (
			);
			productName = "No Algorithms Extension (macOS)";
			productReference = 440108852F5FABE1009BC221 /* No Algorithms Extension.appex */;
			productType = "com.apple.product-type.app-extension";
		};
/* End PBXNativeTarget section */

/* Begin PBXProject section */
		4401084A2F5FABE0009BC221 /* Project object */ = {
			isa = PBXProject;
			attributes = {
				BuildIndependentTargetsInParallel = 1;
				LastSwiftUpdateCheck = 2610;
				LastUpgradeCheck = 2610;
				TargetAttributes = {
					4401085C2F5FABE1009BC221 = {
						CreatedOnToolsVersion = 26.1.1;
					};
					4401086E2F5FABE1009BC221 = {
						CreatedOnToolsVersion = 26.1.1;
					};
					4401087A2F5FABE1009BC221 = {
						CreatedOnToolsVersion = 26.1.1;
					};
					440108842F5FABE1009BC221 = {
						CreatedOnToolsVersion = 26.1.1;
					};
				};
			};
			buildConfigurationList = 4401084D2F5FABE0009BC221 /* Build configuration list for PBXProject "No Algorithms" */;
			developmentRegion = en;
			hasScannedForEncodings = 0;
			knownRegions = (
				en,
				Base,
			);
			mainGroup = 440108492F5FABE0009BC221;
			minimizedProjectReferenceProxies = 1;
			preferredProjectObjectVersion = 77;
			productRefGroup = 4401085E2F5FABE1009BC221 /* Products */;
			projectDirPath = "";
			projectRoot = "";
			targets = (
				4401085C2F5FABE1009BC221 /* No Algorithms (iOS) */,
				4401086E2F5FABE1009BC221 /* No Algorithms (macOS) */,
				4401087A2F5FABE1009BC221 /* No Algorithms Extension (iOS) */,
				440108842F5FABE1009BC221 /* No Algorithms Extension (macOS) */,
			);
		};
/* End PBXProject section */

/* Begin PBXResourcesBuildPhase section */
		4401085B2F5FABE1009BC221 /* Resources */ = {
			isa = PBXResourcesBuildPhase;
			buildActionMask = 2147483647;
			files = (
				4401088D2F5FABE1009BC221 /* Icon.png in Resources */,
				440108662F5FABE1009BC221 /* LaunchScreen.storyboard in Resources */,
				4401088B2F5FABE1009BC221 /* Main.html in Resources */,
				440108912F5FABE1009BC221 /* Script.js in Resources */,
				440108952F5FABE1009BC221 /* Assets.xcassets in Resources */,
				440108692F5FABE1009BC221 /* Main.storyboard in Resources */,
				4401088F2F5FABE1009BC221 /* Style.css in Resources */,
			);
			runOnlyForDeploymentPostprocessing = 0;
		};
		4401086D2F5FABE1009BC221 /* Resources */ = {
			isa = PBXResourcesBuildPhase;
			buildActionMask = 2147483647;
			files = (
				4401088E2F5FABE1009BC221 /* Icon.png in Resources */,
				440108902F5FABE1009BC221 /* Style.css in Resources */,
				440108752F5FABE1009BC221 /* Main.storyboard in Resources */,
				440108922F5FABE1009BC221 /* Script.js in Resources */,
				440108962F5FABE1009BC221 /* Assets.xcassets in Resources */,
				4401088C2F5FABE1009BC221 /* Main.html in Resources */,
			);
			runOnlyForDeploymentPostprocessing = 0;
		};
		440108792F5FABE1009BC221 /* Resources */ = {
			isa = PBXResourcesBuildPhase;
			buildActionMask = 2147483647;
			files = (
				440108B42F5FABE1009BC221 /* README.md in Resources */,
				440108B62F5FABE1009BC221 /* manifest.json in Resources */,
				440108B52F5FABE1009BC221 /* sites in Resources */,
				440108B82F5FABE1009BC221 /* parser.js in Resources */,
			);
			runOnlyForDeploymentPostprocessing = 0;
		};
		440108832F5FABE1009BC221 /* Resources */ = {
			isa = PBXResourcesBuildPhase;
			buildActionMask = 2147483647;
			files = (
				440108AF2F5FABE1009BC221 /* README.md in Resources */,
				440108B12F5FABE1009BC221 /* manifest.json in Resources */,
				440108B02F5FABE1009BC221 /* sites in Resources */,
				440108B32F5FABE1009BC221 /* parser.js in Resources */,
			);
			runOnlyForDeploymentPostprocessing = 0;
		};
/* End PBXResourcesBuildPhase section */

/* Begin PBXSourcesBuildPhase section */
		440108592F5FABE1009BC221 /* Sources */ = {
			isa = PBXSourcesBuildPhase;
			buildActionMask = 2147483647;
			files = (
				440108932F5FABE1009BC221 /* ViewController.swift in Sources */,
				440108612F5FABE1009BC221 /* AppDelegate.swift in Sources */,
				440108632F5FABE1009BC221 /* SceneDelegate.swift in Sources */,
			);
			runOnlyForDeploymentPostprocessing = 0;
		};
		4401086B2F5FABE1009BC221 /* Sources */ = {
			isa = PBXSourcesBuildPhase;
			buildActionMask = 2147483647;
			files = (
				440108942F5FABE1009BC221 /* ViewController.swift in Sources */,
				440108722F5FABE1009BC221 /* AppDelegate.swift in Sources */,
			);
			runOnlyForDeploymentPostprocessing = 0;
		};
		440108772F5FABE1009BC221 /* Sources */ = {
			isa = PBXSourcesBuildPhase;
			buildActionMask = 2147483647;
			files = (
				440108972F5FABE1009BC221 /* SafariWebExtensionHandler.swift in Sources */,
			);
			runOnlyForDeploymentPostprocessing = 0;
		};
		440108812F5FABE1009BC221 /* Sources */ = {
			isa = PBXSourcesBuildPhase;
			buildActionMask = 2147483647;
			files = (
				440108982F5FABE1009BC221 /* SafariWebExtensionHandler.swift in Sources */,
			);
			runOnlyForDeploymentPostprocessing = 0;
		};
/* End PBXSourcesBuildPhase section */

/* Begin PBXTargetDependency section */
		4401087E2F5FABE1009BC221 /* PBXTargetDependency */ = {
			isa = PBXTargetDependency;
			target = 4401087A2F5FABE1009BC221 /* No Algorithms Extension (iOS) */;
			targetProxy = 4401087D2F5FABE1009BC221 /* PBXContainerItemProxy */;
		};
		440108882F5FABE1009BC221 /* PBXTargetDependency */ = {
			isa = PBXTargetDependency;
			target = 440108842F5FABE1009BC221 /* No Algorithms Extension (macOS) */;
			targetProxy = 440108872F5FABE1009BC221 /* PBXContainerItemProxy */;
		};
/* End PBXTargetDependency section */

/* Begin PBXVariantGroup section */
		440108502F5FABE0009BC221 /* Main.html */ = {
			isa = PBXVariantGroup;
			children = (
				440108512F5FABE0009BC221 /* Base */,
			);
			name = Main.html;
			sourceTree = "<group>";
		};
		440108642F5FABE1009BC221 /* LaunchScreen.storyboard */ = {
			isa = PBXVariantGroup;
			children = (
				440108652F5FABE1009BC221 /* Base */,
			);
			name = LaunchScreen.storyboard;
			sourceTree = "<group>";
		};
		440108672F5FABE1009BC221 /* Main.storyboard */ = {
			isa = PBXVariantGroup;
			children = (
				440108682F5FABE1009BC221 /* Base */,
			);
			name = Main.storyboard;
			sourceTree = "<group>";
		};
		440108732F5FABE1009BC221 /* Main.storyboard */ = {
			isa = PBXVariantGroup;
			children = (
				440108742F5FABE1009BC221 /* Base */,
			);
			name = Main.storyboard;
			sourceTree = "<group>";
		};
/* End PBXVariantGroup section */

/* Begin XCBuildConfiguration section */
		440108992F5FABE1009BC221 /* Debug */ = {
			isa = XCBuildConfiguration;
			buildSettings = {
				ALWAYS_SEARCH_USER_PATHS = NO;
				ASSETCATALOG_COMPILER_GENERATE_SWIFT_ASSET_SYMBOL_EXTENSIONS = YES;
				CLANG_ANALYZER_NONNULL = YES;
				CLANG_ANALYZER_NUMBER_OBJECT_CONVERSION = YES_AGGRESSIVE;
				CLANG_CXX_LANGUAGE_STANDARD = "gnu++20";
				CLANG_ENABLE_MODULES = YES;
				CLANG_ENABLE_OBJC_ARC = YES;
				CLANG_ENABLE_OBJC_WEAK = YES;
				CLANG_WARN_BLOCK_CAPTURE_AUTORELEASING = YES;
				CLANG_WARN_BOOL_CONVERSION = YES;
				CLANG_WARN_COMMA = YES;
				CLANG_WARN_CONSTANT_CONVERSION = YES;
				CLANG_WARN_DEPRECATED_OBJC_IMPLEMENTATIONS = YES;
				CLANG_WARN_DIRECT_OBJC_ISA_USAGE = YES_ERROR;
				CLANG_WARN_DOCUMENTATION_COMMENTS = YES;
				CLANG_WARN_EMPTY_BODY = YES;
				CLANG_WARN_ENUM_CONVERSION = YES;
				CLANG_WARN_INFINITE_RECURSION = YES;
				CLANG_WARN_INT_CONVERSION = YES;
				CLANG_WARN_NON_LITERAL_NULL_CONVERSION = YES;
				CLANG_WARN_OBJC_IMPLICIT_RETAIN_SELF = YES;
				CLANG_WARN_OBJC_LITERAL_CONVERSION = YES;
				CLANG_WARN_OBJC_ROOT_CLASS = YES_ERROR;
				CLANG_WARN_QUOTED_INCLUDE_IN_FRAMEWORK_HEADER = YES;
				CLANG_WARN_RANGE_LOOP_ANALYSIS = YES;
				CLANG_WARN_STRICT_PROTOTYPES = YES;
				CLANG_WARN_SUSPICIOUS_MOVE = YES;
				CLANG_WARN_UNGUARDED_AVAILABILITY = YES_AGGRESSIVE;
				CLANG_WARN_UNREACHABLE_CODE = YES;
				CLANG_WARN__DUPLICATE_METHOD_MATCH = YES;
				COPY_PHASE_STRIP = NO;
				DEBUG_INFORMATION_FORMAT = dwarf;
				ENABLE_STRICT_OBJC_MSGSEND = YES;
				ENABLE_TESTABILITY = YES;
				ENABLE_USER_SCRIPT_SANDBOXING = YES;
				GCC_C_LANGUAGE_STANDARD = gnu17;
				GCC_DYNAMIC_NO_PIC = NO;
				GCC_NO_COMMON_BLOCKS = YES;
				GCC_OPTIMIZATION_LEVEL = 0;
				GCC_PREPROCESSOR_DEFINITIONS = (
					"DEBUG=1",
					"$(inherited)",
				);
				GCC_WARN_64_TO_32_BIT_CONVERSION = YES;
				GCC_WARN_ABOUT_RETURN_TYPE = YES_ERROR;
				GCC_WARN_UNDECLARED_SELECTOR = YES;
				GCC_WARN_UNINITIALIZED_AUTOS = YES_AGGRESSIVE;
				GCC_WARN_UNUSED_FUNCTION = YES;
				GCC_WARN_UNUSED_VARIABLE = YES;
				LOCALIZATION_PREFERS_STRING_CATALOGS = YES;
				MTL_ENABLE_DEBUG_INFO = INCLUDE_SOURCE;
				MTL_FAST_MATH = YES;
				ONLY_ACTIVE_ARCH = YES;
				SWIFT_ACTIVE_COMPILATION_CONDITIONS = "DEBUG $(inherited)";
				SWIFT_OPTIMIZATION_LEVEL = "-Onone";
			};
			name = Debug;
		};
		4401089A2F5FABE1009BC221 /* Release */ = {
			isa = XCBuildConfiguration;
			buildSettings = {
				ALWAYS_SEARCH_USER_PATHS = NO;
				ASSETCATALOG_COMPILER_GENERATE_SWIFT_ASSET_SYMBOL_EXTENSIONS = YES;
				CLANG_ANALYZER_NONNULL = YES;
				CLANG_ANALYZER_NUMBER_OBJECT_CONVERSION = YES_AGGRESSIVE;
				CLANG_CXX_LANGUAGE_STANDARD = "gnu++20";
				CLANG_ENABLE_MODULES = YES;
				CLANG_ENABLE_OBJC_ARC = YES;
				CLANG_ENABLE_OBJC_WEAK = YES;
				CLANG_WARN_BLOCK_CAPTURE_AUTORELEASING = YES;
				CLANG_WARN_BOOL_CONVERSION = YES;
				CLANG_WARN_COMMA = YES;
				CLANG_WARN_CONSTANT_CONVERSION = YES;
				CLANG_WARN_DEPRECATED_OBJC_IMPLEMENTATIONS = YES;
				CLANG_WARN_DIRECT_OBJC_ISA_USAGE = YES_ERROR;
				CLANG_WARN_DOCUMENTATION_COMMENTS = YES;
				CLANG_WARN_EMPTY_BODY = YES;
				CLANG_WARN_ENUM_CONVERSION = YES;
				CLANG_WARN_INFINITE_RECURSION = YES;
				CLANG_WARN_INT_CONVERSION = YES;
				CLANG_WARN_NON_LITERAL_NULL_CONVERSION = YES;
				CLANG_WARN_OBJC_IMPLICIT_RETAIN_SELF = YES;
				CLANG_WARN_OBJC_LITERAL_CONVERSION = YES;
				CLANG_WARN_OBJC_ROOT_CLASS = YES_ERROR;
				CLANG_WARN_QUOTED_INCLUDE_IN_FRAMEWORK_HEADER = YES;
				CLANG_WARN_RANGE_LOOP_ANALYSIS = YES;
				CLANG_WARN_STRICT_PROTOTYPES = YES;
				CLANG_WARN_SUSPICIOUS_MOVE = YES;
				CLANG_WARN_UNGUARDED_AVAILABILITY = YES_AGGRESSIVE;
				CLANG_WARN_UNREACHABLE_CODE = YES;
				CLANG_WARN__DUPLICATE_METHOD_MATCH = YES;
				COPY_PHASE_STRIP = NO;
				DEBUG_INFORMATION_FORMAT = "dwarf-with-dsym";
				ENABLE_NS_ASSERTIONS = NO;
				ENABLE_STRICT_OBJC_MSGSEND = YES;
				ENABLE_USER_SCRIPT_SANDBOXING = YES;
				GCC_C_LANGUAGE_STANDARD = gnu17;
				GCC_NO_COMMON_BLOCKS = YES;
				GCC_WARN_64_TO_32_BIT_CONVERSION = YES;
				GCC_WARN_ABOUT_RETURN_TYPE = YES_ERROR;
				GCC_WARN_UNDECLARED_SELECTOR = YES;
				GCC_WARN_UNINITIALIZED_AUTOS = YES_AGGRESSIVE;
				GCC_WARN_UNUSED_FUNCTION = YES;
				GCC_WARN_UNUSED_VARIABLE = YES;
				LOCALIZATION_PREFERS_STRING_CATALOGS = YES;
				MTL_ENABLE_DEBUG_INFO = NO;
				MTL_FAST_MATH = YES;
				SWIFT_COMPILATION_MODE = wholemodule;
			};
			name = Release;
		};
		4401089C2F5FABE1009BC221 /* Debug */ = {
			isa = XCBuildConfiguration;
			buildSettings = {
				CODE_SIGN_STYLE = Automatic;
				CURRENT_PROJECT_VERSION = 1;
				DEVELOPMENT_TEAM = 23U545F52Y;
				GENERATE_INFOPLIST_FILE = YES;
				INFOPLIST_FILE = "iOS (Extension)/Info.plist";
				INFOPLIST_KEY_CFBundleDisplayName = "No Algorithms Extension";
				INFOPLIST_KEY_NSHumanReadableCopyright = "";
				IPHONEOS_DEPLOYMENT_TARGET = 15.0;
				LD_RUNPATH_SEARCH_PATHS = (
					"$(inherited)",
					"@executable_path/Frameworks",
					"@executable_path/../../Frameworks",
				);
				MARKETING_VERSION = 1.0;
				OTHER_LDFLAGS = (
					"-framework",
					SafariServices,
				);
				PRODUCT_BUNDLE_IDENTIFIER = "com.yourCompany.No-Algorithms.Extension";
				PRODUCT_NAME = "No Algorithms Extension";
				SDKROOT = iphoneos;
				SKIP_INSTALL = YES;
				STRING_CATALOG_GENERATE_SYMBOLS = YES;
				SWIFT_APPROACHABLE_CONCURRENCY = YES;
				SWIFT_EMIT_LOC_STRINGS = YES;
				SWIFT_UPCOMING_FEATURE_MEMBER_IMPORT_VISIBILITY = YES;
				SWIFT_VERSION = 5.0;
				TARGETED_DEVICE_FAMILY = "1,2";
			};
			name = Debug;
		};
		4401089D2F5FABE1009BC221 /* Release */ = {
			isa = XCBuildConfiguration;
			buildSettings = {
				CODE_SIGN_STYLE = Automatic;
				CURRENT_PROJECT_VERSION = 1;
				DEVELOPMENT_TEAM = 23U545F52Y;
				GENERATE_INFOPLIST_FILE = YES;
				INFOPLIST_FILE = "iOS (Extension)/Info.plist";
				INFOPLIST_KEY_CFBundleDisplayName = "No Algorithms Extension";
				INFOPLIST_KEY_NSHumanReadableCopyright = "";
				IPHONEOS_DEPLOYMENT_TARGET = 15.0;
				LD_RUNPATH_SEARCH_PATHS = (
					"$(inherited)",
					"@executable_path/Frameworks",
					"@executable_path/../../Frameworks",
				);
				MARKETING_VERSION = 1.0;
				OTHER_LDFLAGS = (
					"-framework",
					SafariServices,
				);
				PRODUCT_BUNDLE_IDENTIFIER = "com.yourCompany.No-Algorithms.Extension";
				PRODUCT_NAME = "No Algorithms Extension";
				SDKROOT = iphoneos;
				SKIP_INSTALL = YES;
				STRING_CATALOG_GENERATE_SYMBOLS = YES;
				SWIFT_APPROACHABLE_CONCURRENCY = YES;
				SWIFT_EMIT_LOC_STRINGS = YES;
				SWIFT_UPCOMING_FEATURE_MEMBER_IMPORT_VISIBILITY = YES;
				SWIFT_VERSION = 5.0;
				TARGETED_DEVICE_FAMILY = "1,2";
				VALIDATE_PRODUCT = YES;
			};
			name = Release;
		};
		440108A02F5FABE1009BC221 /* Debug */ = {
			isa = XCBuildConfiguration;
			buildSettings = {
				ASSETCATALOG_COMPILER_APPICON_NAME = AppIcon;
				ASSETCATALOG_COMPILER_GLOBAL_ACCENT_COLOR_NAME = AccentColor;
				CODE_SIGN_STYLE = Automatic;
				CURRENT_PROJECT_VERSION = 1;
				DEVELOPMENT_TEAM = 23U545F52Y;
				GENERATE_INFOPLIST_FILE = YES;
				INFOPLIST_FILE = "iOS (App)/Info.plist";
				INFOPLIST_KEY_CFBundleDisplayName = "No Algorithms";
				INFOPLIST_KEY_UIApplicationSupportsIndirectInputEvents = YES;
				INFOPLIST_KEY_UILaunchStoryboardName = LaunchScreen;
				INFOPLIST_KEY_UIMainStoryboardFile = Main;
				INFOPLIST_KEY_UISupportedInterfaceOrientations = "UIInterfaceOrientationPortrait UIInterfaceOrientationLandscapeLeft UIInterfaceOrientationLandscapeRight";
				INFOPLIST_KEY_UISupportedInterfaceOrientations_iPad = "UIInterfaceOrientationPortrait UIInterfaceOrientationPortraitUpsideDown UIInterfaceOrientationLandscapeLeft UIInterfaceOrientationLandscapeRight";
				IPHONEOS_DEPLOYMENT_TARGET = 15.0;
				LD_RUNPATH_SEARCH_PATHS = (
					"$(inherited)",
					"@executable_path/Frameworks",
				);
				MARKETING_VERSION = 1.0;
				OTHER_LDFLAGS = (
					"-framework",
					SafariServices,
					"-framework",
					WebKit,
				);
				PRODUCT_BUNDLE_IDENTIFIER = "com.yourCompany.No-Algorithms";
				PRODUCT_NAME = "No Algorithms";
				SDKROOT = iphoneos;
				STRING_CATALOG_GENERATE_SYMBOLS = YES;
				SWIFT_APPROACHABLE_CONCURRENCY = YES;
				SWIFT_DEFAULT_ACTOR_ISOLATION = MainActor;
				SWIFT_EMIT_LOC_STRINGS = YES;
				SWIFT_UPCOMING_FEATURE_MEMBER_IMPORT_VISIBILITY = YES;
				SWIFT_VERSION = 5.0;
				TARGETED_DEVICE_FAMILY = "1,2";
			};
			name = Debug;
		};
		440108A12F5FABE1009BC221 /* Release */ = {
			isa = XCBuildConfiguration;
			buildSettings = {
				ASSETCATALOG_COMPILER_APPICON_NAME = AppIcon;
				ASSETCATALOG_COMPILER_GLOBAL_ACCENT_COLOR_NAME = AccentColor;
				CODE_SIGN_STYLE = Automatic;
				CURRENT_PROJECT_VERSION = 1;
				DEVELOPMENT_TEAM = 23U545F52Y;
				GENERATE_INFOPLIST_FILE = YES;
				INFOPLIST_FILE = "iOS (App)/Info.plist";
				INFOPLIST_KEY_CFBundleDisplayName = "No Algorithms";
				INFOPLIST_KEY_UIApplicationSupportsIndirectInputEvents = YES;
				INFOPLIST_KEY_UILaunchStoryboardName = LaunchScreen;
				INFOPLIST_KEY_UIMainStoryboardFile = Main;
				INFOPLIST_KEY_UISupportedInterfaceOrientations = "UIInterfaceOrientationPortrait UIInterfaceOrientationLandscapeLeft UIInterfaceOrientationLandscapeRight";
				INFOPLIST_KEY_UISupportedInterfaceOrientations_iPad = "UIInterfaceOrientationPortrait UIInterfaceOrientationPortraitUpsideDown UIInterfaceOrientationLandscapeLeft UIInterfaceOrientationLandscapeRight";
				IPHONEOS_DEPLOYMENT_TARGET = 15.0;
				LD_RUNPATH_SEARCH_PATHS = (
					"$(inherited)",
					"@executable_path/Frameworks",
				);
				MARKETING_VERSION = 1.0;
				OTHER_LDFLAGS = (
					"-framework",
					SafariServices,
					"-framework",
					WebKit,
				);
				PRODUCT_BUNDLE_IDENTIFIER = "com.yourCompany.No-Algorithms";
				PRODUCT_NAME = "No Algorithms";
				SDKROOT = iphoneos;
				STRING_CATALOG_GENERATE_SYMBOLS = YES;
				SWIFT_APPROACHABLE_CONCURRENCY = YES;
				SWIFT_DEFAULT_ACTOR_ISOLATION = MainActor;
				SWIFT_EMIT_LOC_STRINGS = YES;
				SWIFT_UPCOMING_FEATURE_MEMBER_IMPORT_VISIBILITY = YES;
				SWIFT_VERSION = 5.0;
				TARGETED_DEVICE_FAMILY = "1,2";
				VALIDATE_PRODUCT = YES;
			};
			name = Release;
		};
		440108A32F5FABE1009BC221 /* Debug */ = {
			isa = XCBuildConfiguration;
			buildSettings = {
				CODE_SIGN_STYLE = Automatic;
				CURRENT_PROJECT_VERSION = 1;
				ENABLE_APP_SANDBOX = YES;
				ENABLE_HARDENED_RUNTIME = YES;
				ENABLE_USER_SELECTED_FILES = readonly;
				GENERATE_INFOPLIST_FILE = YES;
				INFOPLIST_FILE = "macOS (Extension)/Info.plist";
				INFOPLIST_KEY_CFBundleDisplayName = "No Algorithms Extension";
				INFOPLIST_KEY_NSHumanReadableCopyright = "";
				LD_RUNPATH_SEARCH_PATHS = (
					"$(inherited)",
					"@executable_path/../Frameworks",
					"@executable_path/../../../../Frameworks",
				);
				MACOSX_DEPLOYMENT_TARGET = 10.14;
				MARKETING_VERSION = 1.0;
				OTHER_LDFLAGS = (
					"-framework",
					SafariServices,
				);
				PRODUCT_BUNDLE_IDENTIFIER = "com.yourCompany.No-Algorithms.Extension";
				PRODUCT_NAME = "No Algorithms Extension";
				SDKROOT = macosx;
				SKIP_INSTALL = YES;
				STRING_CATALOG_GENERATE_SYMBOLS = YES;
				SWIFT_APPROACHABLE_CONCURRENCY = YES;
				SWIFT_EMIT_LOC_STRINGS = YES;
				SWIFT_UPCOMING_FEATURE_MEMBER_IMPORT_VISIBILITY = YES;
				SWIFT_VERSION = 5.0;
			};
			name = Debug;
		};
		440108A42F5FABE1009BC221 /* Release */ = {
			isa = XCBuildConfiguration;
			buildSettings = {
				CODE_SIGN_STYLE = Automatic;
				CURRENT_PROJECT_VERSION = 1;
				ENABLE_APP_SANDBOX = YES;
				ENABLE_HARDENED_RUNTIME = YES;
				ENABLE_USER_SELECTED_FILES = readonly;
				GENERATE_INFOPLIST_FILE = YES;
				INFOPLIST_FILE = "macOS (Extension)/Info.plist";
				INFOPLIST_KEY_CFBundleDisplayName = "No Algorithms Extension";
				INFOPLIST_KEY_NSHumanReadableCopyright = "";
				LD_RUNPATH_SEARCH_PATHS = (
					"$(inherited)",
					"@executable_path/../Frameworks",
					"@executable_path/../../../../Frameworks",
				);
				MACOSX_DEPLOYMENT_TARGET = 10.14;
				MARKETING_VERSION = 1.0;
				OTHER_LDFLAGS = (
					"-framework",
					SafariServices,
				);
				PRODUCT_BUNDLE_IDENTIFIER = "com.yourCompany.No-Algorithms.Extension";
				PRODUCT_NAME = "No Algorithms Extension";
				SDKROOT = macosx;
				SKIP_INSTALL = YES;
				STRING_CATALOG_GENERATE_SYMBOLS = YES;
				SWIFT_APPROACHABLE_CONCURRENCY = YES;
				SWIFT_EMIT_LOC_STRINGS = YES;
				SWIFT_UPCOMING_FEATURE_MEMBER_IMPORT_VISIBILITY = YES;
				SWIFT_VERSION = 5.0;
			};
			name = Release;
		};
		440108A72F5FABE1009BC221 /* Debug */ = {
			isa = XCBuildConfiguration;
			buildSettings = {
				ASSETCATALOG_COMPILER_APPICON_NAME = AppIcon;
				ASSETCATALOG_COMPILER_GLOBAL_ACCENT_COLOR_NAME = AccentColor;
				CODE_SIGN_STYLE = Automatic;
				CURRENT_PROJECT_VERSION = 1;
				ENABLE_APP_SANDBOX = YES;
				ENABLE_HARDENED_RUNTIME = YES;
				ENABLE_OUTGOING_NETWORK_CONNECTIONS = YES;
				ENABLE_USER_SELECTED_FILES = readonly;
				GENERATE_INFOPLIST_FILE = YES;
				INFOPLIST_FILE = "macOS (App)/Info.plist";
				INFOPLIST_KEY_CFBundleDisplayName = "No Algorithms";
				INFOPLIST_KEY_NSMainStoryboardFile = Main;
				INFOPLIST_KEY_NSPrincipalClass = NSApplication;
				LD_RUNPATH_SEARCH_PATHS = (
					"$(inherited)",
					"@executable_path/../Frameworks",
				);
				MACOSX_DEPLOYMENT_TARGET = 10.14;
				MARKETING_VERSION = 1.0;
				OTHER_LDFLAGS = (
					"-framework",
					SafariServices,
					"-framework",
					WebKit,
				);
				PRODUCT_BUNDLE_IDENTIFIER = "com.yourCompany.No-Algorithms";
				PRODUCT_NAME = "No Algorithms";
				REGISTER_APP_GROUPS = YES;
				SDKROOT = macosx;
				STRING_CATALOG_GENERATE_SYMBOLS = YES;
				SWIFT_APPROACHABLE_CONCURRENCY = YES;
				SWIFT_DEFAULT_ACTOR_ISOLATION = MainActor;
				SWIFT_EMIT_LOC_STRINGS = YES;
				SWIFT_UPCOMING_FEATURE_MEMBER_IMPORT_VISIBILITY = YES;
				SWIFT_VERSION = 5.0;
			};
			name = Debug;
		};
		440108A82F5FABE1009BC221 /* Release */ = {
			isa = XCBuildConfiguration;
			buildSettings = {
				ASSETCATALOG_COMPILER_APPICON_NAME = AppIcon;
				ASSETCATALOG_COMPILER_GLOBAL_ACCENT_COLOR_NAME = AccentColor;
				CODE_SIGN_STYLE = Automatic;
				CURRENT_PROJECT_VERSION = 1;
				ENABLE_APP_SANDBOX = YES;
				ENABLE_HARDENED_RUNTIME = YES;
				ENABLE_OUTGOING_NETWORK_CONNECTIONS = YES;
				ENABLE_USER_SELECTED_FILES = readonly;
				GENERATE_INFOPLIST_FILE = YES;
				INFOPLIST_FILE = "macOS (App)/Info.plist";
				INFOPLIST_KEY_CFBundleDisplayName = "No Algorithms";
				INFOPLIST_KEY_NSMainStoryboardFile = Main;
				INFOPLIST_KEY_NSPrincipalClass = NSApplication;
				LD_RUNPATH_SEARCH_PATHS = (
					"$(inherited)",
					"@executable_path/../Frameworks",
				);
				MACOSX_DEPLOYMENT_TARGET = 10.14;
				MARKETING_VERSION = 1.0;
				OTHER_LDFLAGS = (
					"-framework",
					SafariServices,
					"-framework",
					WebKit,
				);
				PRODUCT_BUNDLE_IDENTIFIER = "com.yourCompany.No-Algorithms";
				PRODUCT_NAME = "No Algorithms";
				REGISTER_APP_GROUPS = YES;
				SDKROOT = macosx;
				STRING_CATALOG_GENERATE_SYMBOLS = YES;
				SWIFT_APPROACHABLE_CONCURRENCY = YES;
				SWIFT_DEFAULT_ACTOR_ISOLATION = MainActor;
				SWIFT_EMIT_LOC_STRINGS = YES;
				SWIFT_UPCOMING_FEATURE_MEMBER_IMPORT_VISIBILITY = YES;
				SWIFT_VERSION = 5.0;
			};
			name = Release;
		};
/* End XCBuildConfiguration section */

/* Begin XCConfigurationList section */
		4401084D2F5FABE0009BC221 /* Build configuration list for PBXProject "No Algorithms" */ = {
			isa = XCConfigurationList;
			buildConfigurations = (
				440108992F5FABE1009BC221 /* Debug */,
				4401089A2F5FABE1009BC221 /* Release */,
			);
			defaultConfigurationIsVisible = 0;
			defaultConfigurationName = Release;
		};
		4401089B2F5FABE1009BC221 /* Build configuration list for PBXNativeTarget "No Algorithms Extension (iOS)" */ = {
			isa = XCConfigurationList;
			buildConfigurations = (
				4401089C2F5FABE1009BC221 /* Debug */,
				4401089D2F5FABE1009BC221 /* Release */,
			);
			defaultConfigurationIsVisible = 0;
			defaultConfigurationName = Release;
		};
		4401089F2F5FABE1009BC221 /* Build configuration list for PBXNativeTarget "No Algorithms (iOS)" */ = {
			isa = XCConfigurationList;
			buildConfigurations = (
				440108A02F5FABE1009BC221 /* Debug */,
				440108A12F5FABE1009BC221 /* Release */,
			);
			defaultConfigurationIsVisible = 0;
			defaultConfigurationName = Release;
		};
		440108A22F5FABE1009BC221 /* Build configuration list for PBXNativeTarget "No Algorithms Extension (macOS)" */ = {
			isa = XCConfigurationList;
			buildConfigurations = (
				440108A32F5FABE1009BC221 /* Debug */,
				440108A42F5FABE1009BC221 /* Release */,
			);
			defaultConfigurationIsVisible = 0;
			defaultConfigurationName = Release;
		};
		440108A62F5FABE1009BC221 /* Build configuration list for PBXNativeTarget "No Algorithms (macOS)" */ = {
			isa = XCConfigurationList;
			buildConfigurations = (
				440108A72F5FABE1009BC221 /* Debug */,
				440108A82F5FABE1009BC221 /* Release */,
			);
			defaultConfigurationIsVisible = 0;
			defaultConfigurationName = Release;
		};
/* End XCConfigurationList section */
	};
	rootObject = 4401084A2F5FABE0009BC221 /* Project object */;
}
